// !$*UTF8*$!
{
	archiveVersion = 1;
	classes = {
	};
	objectVersion = 46;
	objects = {

/* Begin PBXBuildFile section */
		04044E20216FCC9B005395CA /* SmartMockParamMatcherTest.swift in Sources */ = {isa = PBXBuildFile; fileRef = 04F4C6501D7A07C0009C8526 /* SmartMockParamMatcherTest.swift */; };
		043B6BBC1D776DDE008C4663 /* EndPoints in Resources */ = {isa = PBXBuildFile; fileRef = 043B6BBB1D776DDE008C4663 /* EndPoints */; };
		046806DC1D7610680024A648 /* ProductViewController.swift in Sources */ = {isa = PBXBuildFile; fileRef = 046806DB1D7610680024A648 /* ProductViewController.swift */; };
		046806DE1D761C880024A648 /* ServiceViewController.swift in Sources */ = {isa = PBXBuildFile; fileRef = 046806DD1D761C880024A648 /* ServiceViewController.swift */; };
		049B7FDE1D6F7F3200D8DB93 /* Api.swift in Sources */ = {isa = PBXBuildFile; fileRef = 049B7FDC1D6F7F3200D8DB93 /* Api.swift */; };
		049B7FDF1D6F7F3200D8DB93 /* ProductService.swift in Sources */ = {isa = PBXBuildFile; fileRef = 049B7FDD1D6F7F3200D8DB93 /* ProductService.swift */; };
		049B7FE21D6F7F4600D8DB93 /* Product.swift in Sources */ = {isa = PBXBuildFile; fileRef = 049B7FE11D6F7F4600D8DB93 /* Product.swift */; };
		049B7FE41D6F851F00D8DB93 /* Service.swift in Sources */ = {isa = PBXBuildFile; fileRef = 049B7FE31D6F851F00D8DB93 /* Service.swift */; };
		049B7FE61D6F855B00D8DB93 /* ServiceService.swift in Sources */ = {isa = PBXBuildFile; fileRef = 049B7FE51D6F855B00D8DB93 /* ServiceService.swift */; };
		049B7FE81D6F86B900D8DB93 /* ApiError.swift in Sources */ = {isa = PBXBuildFile; fileRef = 049B7FE71D6F86B900D8DB93 /* ApiError.swift */; };
		04A904801D6CCB3500F0C130 /* MainViewController.swift in Sources */ = {isa = PBXBuildFile; fileRef = 04A9047F1D6CCB3500F0C130 /* MainViewController.swift */; };
		04A904821D6CCBF500F0C130 /* Main.storyboard in Resources */ = {isa = PBXBuildFile; fileRef = 04A904811D6CCBF500F0C130 /* Main.storyboard */; };
		04A904851D6CCF7200F0C130 /* HeaderCell.swift in Sources */ = {isa = PBXBuildFile; fileRef = 04A904841D6CCF7200F0C130 /* HeaderCell.swift */; };
		04A904871D6CD0C500F0C130 /* TextCell.swift in Sources */ = {isa = PBXBuildFile; fileRef = 04A904861D6CD0C500F0C130 /* TextCell.swift */; };
		04A904891D6CDB5600F0C130 /* LinkCell.swift in Sources */ = {isa = PBXBuildFile; fileRef = 04A904881D6CDB5600F0C130 /* LinkCell.swift */; };
		04A9048B1D6CDF7300F0C130 /* ErrorCell.swift in Sources */ = {isa = PBXBuildFile; fileRef = 04A9048A1D6CDF7300F0C130 /* ErrorCell.swift */; };
		04A9C0A11D74D30E0003FCE3 /* LoginViewController.swift in Sources */ = {isa = PBXBuildFile; fileRef = 04A9C0A01D74D30E0003FCE3 /* LoginViewController.swift */; };
		04A9C0A31D74DFAB0003FCE3 /* AuthenticationService.swift in Sources */ = {isa = PBXBuildFile; fileRef = 04A9C0A21D74DFAB0003FCE3 /* AuthenticationService.swift */; };
		04A9C0A51D74E00C0003FCE3 /* User.swift in Sources */ = {isa = PBXBuildFile; fileRef = 04A9C0A41D74E00C0003FCE3 /* User.swift */; };
		04A9C0A71D74E0780003FCE3 /* UserRole.swift in Sources */ = {isa = PBXBuildFile; fileRef = 04A9C0A61D74E0780003FCE3 /* UserRole.swift */; };
		04AABE001D6A3AC60078EFFE /* SmartMockLib.podspec in Resources */ = {isa = PBXBuildFile; fileRef = 04AABDFF1D6A3AC60078EFFE /* SmartMockLib.podspec */; };
		09DE2928B6E9210E8CF809DB /* Pods_SmartMockLib_Example.framework in Frameworks */ = {isa = PBXBuildFile; fileRef = 4B7CAB82526FF2938CB9A17E /* Pods_SmartMockLib_Example.framework */; };
		607FACD61AFB9204008FA782 /* AppDelegate.swift in Sources */ = {isa = PBXBuildFile; fileRef = 607FACD51AFB9204008FA782 /* AppDelegate.swift */; };
		607FACDD1AFB9204008FA782 /* Images.xcassets in Resources */ = {isa = PBXBuildFile; fileRef = 607FACDC1AFB9204008FA782 /* Images.xcassets */; };
		607FACE01AFB9204008FA782 /* LaunchScreen.xib in Resources */ = {isa = PBXBuildFile; fileRef = 607FACDE1AFB9204008FA782 /* LaunchScreen.xib */; };
		71CF7AC039051C1B4B1B4FFF /* Pods_SmartMockLib_Tests.framework in Frameworks */ = {isa = PBXBuildFile; fileRef = 31BF5476CE1859BC1CB5983F /* Pods_SmartMockLib_Tests.framework */; };
/* End PBXBuildFile section */

/* Begin PBXContainerItemProxy section */
		04044E1B216FCC39005395CA /* PBXContainerItemProxy */ = {
			isa = PBXContainerItemProxy;
			containerPortal = 607FACC81AFB9204008FA782 /* Project object */;
			proxyType = 1;
			remoteGlobalIDString = 607FACCF1AFB9204008FA782;
			remoteInfo = SmartMockLib_Example;
		};
/* End PBXContainerItemProxy section */

/* Begin PBXFileReference section */
		04044E16216FCC39005395CA /* SmartMockLib_Tests.xctest */ = {isa = PBXFileReference; explicitFileType = wrapper.cfbundle; includeInIndex = 0; path = SmartMockLib_Tests.xctest; sourceTree = BUILT_PRODUCTS_DIR; };
		043B6BBB1D776DDE008C4663 /* EndPoints */ = {isa = PBXFileReference; lastKnownFileType = folder; path = EndPoints; sourceTree = "<group>"; };
		046806DB1D7610680024A648 /* ProductViewController.swift */ = {isa = PBXFileReference; fileEncoding = 4; lastKnownFileType = sourcecode.swift; path = ProductViewController.swift; sourceTree = "<group>"; };
		046806DD1D761C880024A648 /* ServiceViewController.swift */ = {isa = PBXFileReference; fileEncoding = 4; lastKnownFileType = sourcecode.swift; path = ServiceViewController.swift; sourceTree = "<group>"; };
		049B7FDC1D6F7F3200D8DB93 /* Api.swift */ = {isa = PBXFileReference; fileEncoding = 4; lastKnownFileType = sourcecode.swift; path = Api.swift; sourceTree = "<group>"; };
		049B7FDD1D6F7F3200D8DB93 /* ProductService.swift */ = {isa = PBXFileReference; fileEncoding = 4; lastKnownFileType = sourcecode.swift; path = ProductService.swift; sourceTree = "<group>"; };
		049B7FE11D6F7F4600D8DB93 /* Product.swift */ = {isa = PBXFileReference; fileEncoding = 4; lastKnownFileType = sourcecode.swift; path = Product.swift; sourceTree = "<group>"; };
		049B7FE31D6F851F00D8DB93 /* Service.swift */ = {isa = PBXFileReference; fileEncoding = 4; lastKnownFileType = sourcecode.swift; path = Service.swift; sourceTree = "<group>"; };
		049B7FE51D6F855B00D8DB93 /* ServiceService.swift */ = {isa = PBXFileReference; fileEncoding = 4; lastKnownFileType = sourcecode.swift; path = ServiceService.swift; sourceTree = "<group>"; };
		049B7FE71D6F86B900D8DB93 /* ApiError.swift */ = {isa = PBXFileReference; fileEncoding = 4; lastKnownFileType = sourcecode.swift; path = ApiError.swift; sourceTree = "<group>"; };
		04A9047F1D6CCB3500F0C130 /* MainViewController.swift */ = {isa = PBXFileReference; fileEncoding = 4; lastKnownFileType = sourcecode.swift; path = MainViewController.swift; sourceTree = "<group>"; };
		04A904811D6CCBF500F0C130 /* Main.storyboard */ = {isa = PBXFileReference; fileEncoding = 4; lastKnownFileType = file.storyboard; name = Main.storyboard; path = Base.lproj/Main.storyboard; sourceTree = "<group>"; };
		04A904841D6CCF7200F0C130 /* HeaderCell.swift */ = {isa = PBXFileReference; fileEncoding = 4; lastKnownFileType = sourcecode.swift; path = HeaderCell.swift; sourceTree = "<group>"; };
		04A904861D6CD0C500F0C130 /* TextCell.swift */ = {isa = PBXFileReference; fileEncoding = 4; lastKnownFileType = sourcecode.swift; path = TextCell.swift; sourceTree = "<group>"; };
		04A904881D6CDB5600F0C130 /* LinkCell.swift */ = {isa = PBXFileReference; fileEncoding = 4; lastKnownFileType = sourcecode.swift; path = LinkCell.swift; sourceTree = "<group>"; };
		04A9048A1D6CDF7300F0C130 /* ErrorCell.swift */ = {isa = PBXFileReference; fileEncoding = 4; lastKnownFileType = sourcecode.swift; path = ErrorCell.swift; sourceTree = "<group>"; };
		04A9C0A01D74D30E0003FCE3 /* LoginViewController.swift */ = {isa = PBXFileReference; fileEncoding = 4; lastKnownFileType = sourcecode.swift; path = LoginViewController.swift; sourceTree = "<group>"; };
		04A9C0A21D74DFAB0003FCE3 /* AuthenticationService.swift */ = {isa = PBXFileReference; fileEncoding = 4; lastKnownFileType = sourcecode.swift; path = AuthenticationService.swift; sourceTree = "<group>"; };
		04A9C0A41D74E00C0003FCE3 /* User.swift */ = {isa = PBXFileReference; fileEncoding = 4; lastKnownFileType = sourcecode.swift; path = User.swift; sourceTree = "<group>"; };
		04A9C0A61D74E0780003FCE3 /* UserRole.swift */ = {isa = PBXFileReference; fileEncoding = 4; lastKnownFileType = sourcecode.swift; path = UserRole.swift; sourceTree = "<group>"; };
		04AABDFF1D6A3AC60078EFFE /* SmartMockLib.podspec */ = {isa = PBXFileReference; fileEncoding = 4; lastKnownFileType = text; name = SmartMockLib.podspec; path = ../../SmartMockLib.podspec; sourceTree = "<group>"; };
		04F4C6501D7A07C0009C8526 /* SmartMockParamMatcherTest.swift */ = {isa = PBXFileReference; fileEncoding = 4; lastKnownFileType = sourcecode.swift; path = SmartMockParamMatcherTest.swift; sourceTree = "<group>"; };
		31BF5476CE1859BC1CB5983F /* Pods_SmartMockLib_Tests.framework */ = {isa = PBXFileReference; explicitFileType = wrapper.framework; includeInIndex = 0; path = Pods_SmartMockLib_Tests.framework; sourceTree = BUILT_PRODUCTS_DIR; };
		409F5A9A18B53F0CF1CA6677 /* Pods-SmartMockLib_Example.debug.xcconfig */ = {isa = PBXFileReference; includeInIndex = 1; lastKnownFileType = text.xcconfig; name = "Pods-SmartMockLib_Example.debug.xcconfig"; path = "Pods/Target Support Files/Pods-SmartMockLib_Example/Pods-SmartMockLib_Example.debug.xcconfig"; sourceTree = "<group>"; };
		4B7CAB82526FF2938CB9A17E /* Pods_SmartMockLib_Example.framework */ = {isa = PBXFileReference; explicitFileType = wrapper.framework; includeInIndex = 0; path = Pods_SmartMockLib_Example.framework; sourceTree = BUILT_PRODUCTS_DIR; };
		607FACD01AFB9204008FA782 /* SmartMockLib_Example.app */ = {isa = PBXFileReference; explicitFileType = wrapper.application; includeInIndex = 0; path = SmartMockLib_Example.app; sourceTree = BUILT_PRODUCTS_DIR; };
		607FACD41AFB9204008FA782 /* Info.plist */ = {isa = PBXFileReference; lastKnownFileType = text.plist.xml; path = Info.plist; sourceTree = "<group>"; };
		607FACD51AFB9204008FA782 /* AppDelegate.swift */ = {isa = PBXFileReference; lastKnownFileType = sourcecode.swift; path = AppDelegate.swift; sourceTree = "<group>"; };
		607FACDC1AFB9204008FA782 /* Images.xcassets */ = {isa = PBXFileReference; lastKnownFileType = folder.assetcatalog; path = Images.xcassets; sourceTree = "<group>"; };
		607FACDF1AFB9204008FA782 /* Base */ = {isa = PBXFileReference; lastKnownFileType = file.xib; name = Base; path = Base.lproj/LaunchScreen.xib; sourceTree = "<group>"; };
		607FACEA1AFB9204008FA782 /* Info.plist */ = {isa = PBXFileReference; lastKnownFileType = text.plist.xml; path = Info.plist; sourceTree = "<group>"; };
		6CDAFCEB55BBE27194C69F9F /* Pods-SmartMockLib_Example.release.xcconfig */ = {isa = PBXFileReference; includeInIndex = 1; lastKnownFileType = text.xcconfig; name = "Pods-SmartMockLib_Example.release.xcconfig"; path = "Pods/Target Support Files/Pods-SmartMockLib_Example/Pods-SmartMockLib_Example.release.xcconfig"; sourceTree = "<group>"; };
		885FA28730956486535F9516 /* Pods-SmartMockLib_Tests.release.xcconfig */ = {isa = PBXFileReference; includeInIndex = 1; lastKnownFileType = text.xcconfig; name = "Pods-SmartMockLib_Tests.release.xcconfig"; path = "Pods/Target Support Files/Pods-SmartMockLib_Tests/Pods-SmartMockLib_Tests.release.xcconfig"; sourceTree = "<group>"; };
		BC8676DDB18642E21D5B3740 /* README.md */ = {isa = PBXFileReference; includeInIndex = 1; lastKnownFileType = net.daringfireball.markdown; name = README.md; path = ../README.md; sourceTree = "<group>"; };
		EA232A3741F273243AD190A4 /* Pods-SmartMockLib_Tests.debug.xcconfig */ = {isa = PBXFileReference; includeInIndex = 1; lastKnownFileType = text.xcconfig; name = "Pods-SmartMockLib_Tests.debug.xcconfig"; path = "Pods/Target Support Files/Pods-SmartMockLib_Tests/Pods-SmartMockLib_Tests.debug.xcconfig"; sourceTree = "<group>"; };
		F0064AC33AF7A8E7EFD20E79 /* LICENSE */ = {isa = PBXFileReference; includeInIndex = 1; lastKnownFileType = text; name = LICENSE; path = ../LICENSE; sourceTree = "<group>"; };
/* End PBXFileReference section */

/* Begin PBXFrameworksBuildPhase section */
		04044E13216FCC39005395CA /* Frameworks */ = {
			isa = PBXFrameworksBuildPhase;
			buildActionMask = 2147483647;
			files = (
				71CF7AC039051C1B4B1B4FFF /* Pods_SmartMockLib_Tests.framework in Frameworks */,
			);
			runOnlyForDeploymentPostprocessing = 0;
		};
		607FACCD1AFB9204008FA782 /* Frameworks */ = {
			isa = PBXFrameworksBuildPhase;
			buildActionMask = 2147483647;
			files = (
				09DE2928B6E9210E8CF809DB /* Pods_SmartMockLib_Example.framework in Frameworks */,
			);
			runOnlyForDeploymentPostprocessing = 0;
		};
/* End PBXFrameworksBuildPhase section */

/* Begin PBXGroup section */
		049B7FDB1D6F7F3200D8DB93 /* Network */ = {
			isa = PBXGroup;
			children = (
				049B7FDC1D6F7F3200D8DB93 /* Api.swift */,
				04A9C0A21D74DFAB0003FCE3 /* AuthenticationService.swift */,
				049B7FDD1D6F7F3200D8DB93 /* ProductService.swift */,
				049B7FE51D6F855B00D8DB93 /* ServiceService.swift */,
			);
			name = Network;
			path = SmartMockLib/Network;
			sourceTree = SOURCE_ROOT;
		};
		049B7FE01D6F7F4600D8DB93 /* Data */ = {
			isa = PBXGroup;
			children = (
				049B7FE71D6F86B900D8DB93 /* ApiError.swift */,
				049B7FE11D6F7F4600D8DB93 /* Product.swift */,
				049B7FE31D6F851F00D8DB93 /* Service.swift */,
				04A9C0A41D74E00C0003FCE3 /* User.swift */,
				04A9C0A61D74E0780003FCE3 /* UserRole.swift */,
			);
			path = Data;
			sourceTree = "<group>";
		};
		04A904831D6CCF7200F0C130 /* Cells */ = {
			isa = PBXGroup;
			children = (
				04A9048A1D6CDF7300F0C130 /* ErrorCell.swift */,
				04A904841D6CCF7200F0C130 /* HeaderCell.swift */,
				04A904881D6CDB5600F0C130 /* LinkCell.swift */,
				04A904861D6CD0C500F0C130 /* TextCell.swift */,
			);
			path = Cells;
			sourceTree = "<group>";
		};
		3D03B65752E10CAC0D7B0620 /* Pods */ = {
			isa = PBXGroup;
			children = (
				409F5A9A18B53F0CF1CA6677 /* Pods-SmartMockLib_Example.debug.xcconfig */,
				6CDAFCEB55BBE27194C69F9F /* Pods-SmartMockLib_Example.release.xcconfig */,
				EA232A3741F273243AD190A4 /* Pods-SmartMockLib_Tests.debug.xcconfig */,
				885FA28730956486535F9516 /* Pods-SmartMockLib_Tests.release.xcconfig */,
			);
			name = Pods;
			sourceTree = "<group>";
		};
		607FACC71AFB9204008FA782 = {
			isa = PBXGroup;
			children = (
				607FACF51AFB993E008FA782 /* Podspec Metadata */,
				607FACD21AFB9204008FA782 /* Example for SmartMockLib */,
				607FACE81AFB9204008FA782 /* Tests */,
				607FACD11AFB9204008FA782 /* Products */,
				3D03B65752E10CAC0D7B0620 /* Pods */,
				EFB5331B66BC8255C31D2757 /* Frameworks */,
			);
			sourceTree = "<group>";
		};
		607FACD11AFB9204008FA782 /* Products */ = {
			isa = PBXGroup;
			children = (
				607FACD01AFB9204008FA782 /* SmartMockLib_Example.app */,
				04044E16216FCC39005395CA /* SmartMockLib_Tests.xctest */,
			);
			name = Products;
			sourceTree = "<group>";
		};
		607FACD21AFB9204008FA782 /* Example for SmartMockLib */ = {
			isa = PBXGroup;
			children = (
				04A904831D6CCF7200F0C130 /* Cells */,
				049B7FE01D6F7F4600D8DB93 /* Data */,
				049B7FDB1D6F7F3200D8DB93 /* Network */,
				607FACD51AFB9204008FA782 /* AppDelegate.swift */,
				04A9C0A01D74D30E0003FCE3 /* LoginViewController.swift */,
				04A9047F1D6CCB3500F0C130 /* MainViewController.swift */,
				046806DB1D7610680024A648 /* ProductViewController.swift */,
				046806DD1D761C880024A648 /* ServiceViewController.swift */,
				607FACDC1AFB9204008FA782 /* Images.xcassets */,
				04A904811D6CCBF500F0C130 /* Main.storyboard */,
				607FACDE1AFB9204008FA782 /* LaunchScreen.xib */,
				043B6BBB1D776DDE008C4663 /* EndPoints */,
				607FACD31AFB9204008FA782 /* Supporting Files */,
			);
			name = "Example for SmartMockLib";
			path = SmartMockLib;
			sourceTree = "<group>";
		};
		607FACD31AFB9204008FA782 /* Supporting Files */ = {
			isa = PBXGroup;
			children = (
				607FACD41AFB9204008FA782 /* Info.plist */,
			);
			name = "Supporting Files";
			sourceTree = "<group>";
		};
		607FACE81AFB9204008FA782 /* Tests */ = {
			isa = PBXGroup;
			children = (
				04F4C6501D7A07C0009C8526 /* SmartMockParamMatcherTest.swift */,
				607FACE91AFB9204008FA782 /* Supporting Files */,
			);
			path = Tests;
			sourceTree = "<group>";
		};
		607FACE91AFB9204008FA782 /* Supporting Files */ = {
			isa = PBXGroup;
			children = (
				607FACEA1AFB9204008FA782 /* Info.plist */,
			);
			name = "Supporting Files";
			sourceTree = "<group>";
		};
		607FACF51AFB993E008FA782 /* Podspec Metadata */ = {
			isa = PBXGroup;
			children = (
				04AABDFF1D6A3AC60078EFFE /* SmartMockLib.podspec */,
				BC8676DDB18642E21D5B3740 /* README.md */,
				F0064AC33AF7A8E7EFD20E79 /* LICENSE */,
			);
			name = "Podspec Metadata";
			sourceTree = "<group>";
		};
		EFB5331B66BC8255C31D2757 /* Frameworks */ = {
			isa = PBXGroup;
			children = (
				4B7CAB82526FF2938CB9A17E /* Pods_SmartMockLib_Example.framework */,
				31BF5476CE1859BC1CB5983F /* Pods_SmartMockLib_Tests.framework */,
			);
			name = Frameworks;
			sourceTree = "<group>";
		};
/* End PBXGroup section */

/* Begin PBXNativeTarget section */
		04044E15216FCC39005395CA /* SmartMockLib_Tests */ = {
			isa = PBXNativeTarget;
			buildConfigurationList = 04044E1D216FCC39005395CA /* Build configuration list for PBXNativeTarget "SmartMockLib_Tests" */;
			buildPhases = (
				D4F6291563BC4E7F91ECE47A /* [CP] Check Pods Manifest.lock */,
				04044E12216FCC39005395CA /* Sources */,
				04044E13216FCC39005395CA /* Frameworks */,
				04044E14216FCC39005395CA /* Resources */,
			);
			buildRules = (
			);
			dependencies = (
				04044E1C216FCC39005395CA /* PBXTargetDependency */,
			);
			name = SmartMockLib_Tests;
			productName = SmartMockLib_Tests;
			productReference = 04044E16216FCC39005395CA /* SmartMockLib_Tests.xctest */;
			productType = "com.apple.product-type.bundle.unit-test";
		};
		607FACCF1AFB9204008FA782 /* SmartMockLib_Example */ = {
			isa = PBXNativeTarget;
			buildConfigurationList = 607FACEF1AFB9204008FA782 /* Build configuration list for PBXNativeTarget "SmartMockLib_Example" */;
			buildPhases = (
				26AF47C5FB7C2C3696CEFCB4 /* [CP] Check Pods Manifest.lock */,
				607FACCC1AFB9204008FA782 /* Sources */,
				607FACCD1AFB9204008FA782 /* Frameworks */,
				607FACCE1AFB9204008FA782 /* Resources */,
				D548673E5D105F9BC3E7F898 /* [CP] Embed Pods Frameworks */,
			);
			buildRules = (
			);
			dependencies = (
			);
			name = SmartMockLib_Example;
			productName = SmartMockLib;
			productReference = 607FACD01AFB9204008FA782 /* SmartMockLib_Example.app */;
			productType = "com.apple.product-type.application";
		};
/* End PBXNativeTarget section */

/* Begin PBXProject section */
		607FACC81AFB9204008FA782 /* Project object */ = {
			isa = PBXProject;
			attributes = {
				LastSwiftUpdateCheck = 1000;
				LastUpgradeCheck = 0940;
				ORGANIZATIONNAME = CocoaPods;
				TargetAttributes = {
					04044E15216FCC39005395CA = {
						CreatedOnToolsVersion = 10.0;
						LastSwiftMigration = 1020;
						ProvisioningStyle = Automatic;
						TestTargetID = 607FACCF1AFB9204008FA782;
					};
					607FACCF1AFB9204008FA782 = {
						CreatedOnToolsVersion = 6.3.1;
						LastSwiftMigration = 1020;
					};
				};
			};
			buildConfigurationList = 607FACCB1AFB9204008FA782 /* Build configuration list for PBXProject "SmartMockLib" */;
			compatibilityVersion = "Xcode 3.2";
			developmentRegion = en;
			hasScannedForEncodings = 0;
			knownRegions = (
				en,
				Base,
			);
			mainGroup = 607FACC71AFB9204008FA782;
			productRefGroup = 607FACD11AFB9204008FA782 /* Products */;
			projectDirPath = "";
			projectRoot = "";
			targets = (
				607FACCF1AFB9204008FA782 /* SmartMockLib_Example */,
				04044E15216FCC39005395CA /* SmartMockLib_Tests */,
			);
		};
/* End PBXProject section */

/* Begin PBXResourcesBuildPhase section */
		04044E14216FCC39005395CA /* Resources */ = {
			isa = PBXResourcesBuildPhase;
			buildActionMask = 2147483647;
			files = (
			);
			runOnlyForDeploymentPostprocessing = 0;
		};
		607FACCE1AFB9204008FA782 /* Resources */ = {
			isa = PBXResourcesBuildPhase;
			buildActionMask = 2147483647;
			files = (
				04AABE001D6A3AC60078EFFE /* SmartMockLib.podspec in Resources */,
				607FACE01AFB9204008FA782 /* LaunchScreen.xib in Resources */,
				607FACDD1AFB9204008FA782 /* Images.xcassets in Resources */,
				043B6BBC1D776DDE008C4663 /* EndPoints in Resources */,
				04A904821D6CCBF500F0C130 /* Main.storyboard in Resources */,
			);
			runOnlyForDeploymentPostprocessing = 0;
		};
/* End PBXResourcesBuildPhase section */

/* Begin PBXShellScriptBuildPhase section */
		26AF47C5FB7C2C3696CEFCB4 /* [CP] Check Pods Manifest.lock */ = {
			isa = PBXShellScriptBuildPhase;
			buildActionMask = 2147483647;
			files = (
			);
			inputPaths = (
				"${PODS_PODFILE_DIR_PATH}/Podfile.lock",
				"${PODS_ROOT}/Manifest.lock",
			);
			name = "[CP] Check Pods Manifest.lock";
			outputPaths = (
				"$(DERIVED_FILE_DIR)/Pods-SmartMockLib_Example-checkManifestLockResult.txt",
			);
			runOnlyForDeploymentPostprocessing = 0;
			shellPath = /bin/sh;
			shellScript = "diff \"${PODS_PODFILE_DIR_PATH}/Podfile.lock\" \"${PODS_ROOT}/Manifest.lock\" > /dev/null\nif [ $? != 0 ] ; then\n    # print error to STDERR\n    echo \"error: The sandbox is not in sync with the Podfile.lock. Run 'pod install' or update your CocoaPods installation.\" >&2\n    exit 1\nfi\n# This output is used by Xcode 'outputs' to avoid re-running this script phase.\necho \"SUCCESS\" > \"${SCRIPT_OUTPUT_FILE_0}\"\n";
			showEnvVarsInLog = 0;
		};
		D4F6291563BC4E7F91ECE47A /* [CP] Check Pods Manifest.lock */ = {
			isa = PBXShellScriptBuildPhase;
			buildActionMask = 2147483647;
			files = (
			);
			inputPaths = (
				"${PODS_PODFILE_DIR_PATH}/Podfile.lock",
				"${PODS_ROOT}/Manifest.lock",
			);
			name = "[CP] Check Pods Manifest.lock";
			outputPaths = (
				"$(DERIVED_FILE_DIR)/Pods-SmartMockLib_Tests-checkManifestLockResult.txt",
			);
			runOnlyForDeploymentPostprocessing = 0;
			shellPath = /bin/sh;
			shellScript = "diff \"${PODS_PODFILE_DIR_PATH}/Podfile.lock\" \"${PODS_ROOT}/Manifest.lock\" > /dev/null\nif [ $? != 0 ] ; then\n    # print error to STDERR\n    echo \"error: The sandbox is not in sync with the Podfile.lock. Run 'pod install' or update your CocoaPods installation.\" >&2\n    exit 1\nfi\n# This output is used by Xcode 'outputs' to avoid re-running this script phase.\necho \"SUCCESS\" > \"${SCRIPT_OUTPUT_FILE_0}\"\n";
			showEnvVarsInLog = 0;
		};
		D548673E5D105F9BC3E7F898 /* [CP] Embed Pods Frameworks */ = {
			isa = PBXShellScriptBuildPhase;
			buildActionMask = 2147483647;
			files = (
			);
			inputPaths = (
				"${PODS_ROOT}/Target Support Files/Pods-SmartMockLib_Example/Pods-SmartMockLib_Example-frameworks.sh",
				"${BUILT_PRODUCTS_DIR}/Alamofire/Alamofire.framework",
				"${BUILT_PRODUCTS_DIR}/AlamofireImage/AlamofireImage.framework",
				"${BUILT_PRODUCTS_DIR}/AlamofireObjectMapper/AlamofireObjectMapper.framework",
				"${BUILT_PRODUCTS_DIR}/ObjectMapper/ObjectMapper.framework",
				"${BUILT_PRODUCTS_DIR}/SmartMockLib/SmartMockLib.framework",
			);
			name = "[CP] Embed Pods Frameworks";
			outputPaths = (
				"${TARGET_BUILD_DIR}/${FRAMEWORKS_FOLDER_PATH}/Alamofire.framework",
				"${TARGET_BUILD_DIR}/${FRAMEWORKS_FOLDER_PATH}/AlamofireImage.framework",
				"${TARGET_BUILD_DIR}/${FRAMEWORKS_FOLDER_PATH}/AlamofireObjectMapper.framework",
				"${TARGET_BUILD_DIR}/${FRAMEWORKS_FOLDER_PATH}/ObjectMapper.framework",
				"${TARGET_BUILD_DIR}/${FRAMEWORKS_FOLDER_PATH}/SmartMockLib.framework",
			);
			runOnlyForDeploymentPostprocessing = 0;
			shellPath = /bin/sh;
			shellScript = "\"${PODS_ROOT}/Target Support Files/Pods-SmartMockLib_Example/Pods-SmartMockLib_Example-frameworks.sh\"\n";
			showEnvVarsInLog = 0;
		};
/* End PBXShellScriptBuildPhase section */

/* Begin PBXSourcesBuildPhase section */
		04044E12216FCC39005395CA /* Sources */ = {
			isa = PBXSourcesBuildPhase;
			buildActionMask = 2147483647;
			files = (
				04044E20216FCC9B005395CA /* SmartMockParamMatcherTest.swift in Sources */,
			);
			runOnlyForDeploymentPostprocessing = 0;
		};
		607FACCC1AFB9204008FA782 /* Sources */ = {
			isa = PBXSourcesBuildPhase;
			buildActionMask = 2147483647;
			files = (
				04A904891D6CDB5600F0C130 /* LinkCell.swift in Sources */,
				049B7FDF1D6F7F3200D8DB93 /* ProductService.swift in Sources */,
				049B7FE21D6F7F4600D8DB93 /* Product.swift in Sources */,
				607FACD61AFB9204008FA782 /* AppDelegate.swift in Sources */,
				046806DC1D7610680024A648 /* ProductViewController.swift in Sources */,
				04A9048B1D6CDF7300F0C130 /* ErrorCell.swift in Sources */,
				049B7FE81D6F86B900D8DB93 /* ApiError.swift in Sources */,
				04A904851D6CCF7200F0C130 /* HeaderCell.swift in Sources */,
				046806DE1D761C880024A648 /* ServiceViewController.swift in Sources */,
				04A904871D6CD0C500F0C130 /* TextCell.swift in Sources */,
				04A9C0A51D74E00C0003FCE3 /* User.swift in Sources */,
				049B7FE61D6F855B00D8DB93 /* ServiceService.swift in Sources */,
				04A9C0A71D74E0780003FCE3 /* UserRole.swift in Sources */,
				049B7FE41D6F851F00D8DB93 /* Service.swift in Sources */,
				049B7FDE1D6F7F3200D8DB93 /* Api.swift in Sources */,
				04A9C0A11D74D30E0003FCE3 /* LoginViewController.swift in Sources */,
				04A904801D6CCB3500F0C130 /* MainViewController.swift in Sources */,
				04A9C0A31D74DFAB0003FCE3 /* AuthenticationService.swift in Sources */,
			);
			runOnlyForDeploymentPostprocessing = 0;
		};
/* End PBXSourcesBuildPhase section */

/* Begin PBXTargetDependency section */
		04044E1C216FCC39005395CA /* PBXTargetDependency */ = {
			isa = PBXTargetDependency;
			target = 607FACCF1AFB9204008FA782 /* SmartMockLib_Example */;
			targetProxy = 04044E1B216FCC39005395CA /* PBXContainerItemProxy */;
		};
/* End PBXTargetDependency section */

/* Begin PBXVariantGroup section */
		607FACDE1AFB9204008FA782 /* LaunchScreen.xib */ = {
			isa = PBXVariantGroup;
			children = (
				607FACDF1AFB9204008FA782 /* Base */,
			);
			name = LaunchScreen.xib;
			sourceTree = "<group>";
		};
/* End PBXVariantGroup section */

/* Begin XCBuildConfiguration section */
		04044E1E216FCC39005395CA /* Debug */ = {
			isa = XCBuildConfiguration;
			baseConfigurationReference = EA232A3741F273243AD190A4 /* Pods-SmartMockLib_Tests.debug.xcconfig */;
			buildSettings = {
				BUNDLE_LOADER = "$(TEST_HOST)";
				CLANG_ANALYZER_NONNULL = YES;
				CLANG_ANALYZER_NUMBER_OBJECT_CONVERSION = YES_AGGRESSIVE;
				CLANG_CXX_LANGUAGE_STANDARD = "gnu++14";
				CLANG_ENABLE_OBJC_WEAK = YES;
				CLANG_WARN_DOCUMENTATION_COMMENTS = YES;
				CLANG_WARN_UNGUARDED_AVAILABILITY = YES_AGGRESSIVE;
				CODE_SIGN_IDENTITY = "iPhone Developer";
				CODE_SIGN_STYLE = Automatic;
				DEBUG_INFORMATION_FORMAT = dwarf;
				GCC_C_LANGUAGE_STANDARD = gnu11;
				INFOPLIST_FILE = Tests/Info.plist;
				LD_RUNPATH_SEARCH_PATHS = "$(inherited) @executable_path/Frameworks @loader_path/Frameworks";
				MTL_ENABLE_DEBUG_INFO = INCLUDE_SOURCE;
				MTL_FAST_MATH = YES;
				PRODUCT_BUNDLE_IDENTIFIER = "com.crescentflare.SmartMockLib-Tests";
				PRODUCT_NAME = "$(TARGET_NAME)";
				SWIFT_ACTIVE_COMPILATION_CONDITIONS = DEBUG;
				SWIFT_VERSION = 5.0;
				TARGETED_DEVICE_FAMILY = "1,2";
				TEST_HOST = "$(BUILT_PRODUCTS_DIR)/SmartMockLib_Example.app/SmartMockLib_Example";
			};
			name = Debug;
		};
		04044E1F216FCC39005395CA /* Release */ = {
			isa = XCBuildConfiguration;
			baseConfigurationReference = 885FA28730956486535F9516 /* Pods-SmartMockLib_Tests.release.xcconfig */;
			buildSettings = {
				BUNDLE_LOADER = "$(TEST_HOST)";
				CLANG_ANALYZER_NONNULL = YES;
				CLANG_ANALYZER_NUMBER_OBJECT_CONVERSION = YES_AGGRESSIVE;
				CLANG_CXX_LANGUAGE_STANDARD = "gnu++14";
				CLANG_ENABLE_OBJC_WEAK = YES;
				CLANG_WARN_DOCUMENTATION_COMMENTS = YES;
				CLANG_WARN_UNGUARDED_AVAILABILITY = YES_AGGRESSIVE;
				CODE_SIGN_IDENTITY = "iPhone Developer";
				CODE_SIGN_STYLE = Automatic;
				GCC_C_LANGUAGE_STANDARD = gnu11;
				INFOPLIST_FILE = Tests/Info.plist;
				LD_RUNPATH_SEARCH_PATHS = "$(inherited) @executable_path/Frameworks @loader_path/Frameworks";
				MTL_FAST_MATH = YES;
				PRODUCT_BUNDLE_IDENTIFIER = "com.crescentflare.SmartMockLib-Tests";
				PRODUCT_NAME = "$(TARGET_NAME)";
				SWIFT_OPTIMIZATION_LEVEL = "-O";
				SWIFT_VERSION = 5.0;
				TARGETED_DEVICE_FAMILY = "1,2";
				TEST_HOST = "$(BUILT_PRODUCTS_DIR)/SmartMockLib_Example.app/SmartMockLib_Example";
			};
			name = Release;
		};
		607FACED1AFB9204008FA782 /* Debug */ = {
			isa = XCBuildConfiguration;
			buildSettings = {
				ALWAYS_SEARCH_USER_PATHS = NO;
				CLANG_CXX_LANGUAGE_STANDARD = "gnu++0x";
				CLANG_CXX_LIBRARY = "libc++";
				CLANG_ENABLE_MODULES = YES;
				CLANG_ENABLE_OBJC_ARC = YES;
				CLANG_WARN_BLOCK_CAPTURE_AUTORELEASING = YES;
				CLANG_WARN_BOOL_CONVERSION = YES;
				CLANG_WARN_COMMA = YES;
				CLANG_WARN_CONSTANT_CONVERSION = YES;
				CLANG_WARN_DEPRECATED_OBJC_IMPLEMENTATIONS = YES;
				CLANG_WARN_DIRECT_OBJC_ISA_USAGE = YES_ERROR;
				CLANG_WARN_EMPTY_BODY = YES;
				CLANG_WARN_ENUM_CONVERSION = YES;
				CLANG_WARN_INFINITE_RECURSION = YES;
				CLANG_WARN_INT_CONVERSION = YES;
				CLANG_WARN_NON_LITERAL_NULL_CONVERSION = YES;
				CLANG_WARN_OBJC_IMPLICIT_RETAIN_SELF = YES;
				CLANG_WARN_OBJC_LITERAL_CONVERSION = YES;
				CLANG_WARN_OBJC_ROOT_CLASS = YES_ERROR;
				CLANG_WARN_RANGE_LOOP_ANALYSIS = YES;
				CLANG_WARN_STRICT_PROTOTYPES = YES;
				CLANG_WARN_SUSPICIOUS_MOVE = YES;
				CLANG_WARN_UNREACHABLE_CODE = YES;
				CLANG_WARN__DUPLICATE_METHOD_MATCH = YES;
				"CODE_SIGN_IDENTITY[sdk=iphoneos*]" = "iPhone Developer";
				COPY_PHASE_STRIP = NO;
				DEBUG_INFORMATION_FORMAT = "dwarf-with-dsym";
				ENABLE_STRICT_OBJC_MSGSEND = YES;
				ENABLE_TESTABILITY = YES;
				GCC_C_LANGUAGE_STANDARD = gnu99;
				GCC_DYNAMIC_NO_PIC = NO;
				GCC_NO_COMMON_BLOCKS = YES;
				GCC_OPTIMIZATION_LEVEL = 0;
				GCC_PREPROCESSOR_DEFINITIONS = (
					"DEBUG=1",
					"$(inherited)",
				);
				GCC_SYMBOLS_PRIVATE_EXTERN = NO;
				GCC_WARN_64_TO_32_BIT_CONVERSION = YES;
				GCC_WARN_ABOUT_RETURN_TYPE = YES_ERROR;
				GCC_WARN_UNDECLARED_SELECTOR = YES;
				GCC_WARN_UNINITIALIZED_AUTOS = YES_AGGRESSIVE;
				GCC_WARN_UNUSED_FUNCTION = YES;
				GCC_WARN_UNUSED_VARIABLE = YES;
				IPHONEOS_DEPLOYMENT_TARGET = 8.0;
				MTL_ENABLE_DEBUG_INFO = YES;
				ONLY_ACTIVE_ARCH = YES;
				SDKROOT = iphoneos;
				SWIFT_OPTIMIZATION_LEVEL = "-Onone";
				SWIFT_VERSION = 4.0;
			};
			name = Debug;
		};
		607FACEE1AFB9204008FA782 /* Release */ = {
			isa = XCBuildConfiguration;
			buildSettings = {
				ALWAYS_SEARCH_USER_PATHS = NO;
				CLANG_CXX_LANGUAGE_STANDARD = "gnu++0x";
				CLANG_CXX_LIBRARY = "libc++";
				CLANG_ENABLE_MODULES = YES;
				CLANG_ENABLE_OBJC_ARC = YES;
				CLANG_WARN_BLOCK_CAPTURE_AUTORELEASING = YES;
				CLANG_WARN_BOOL_CONVERSION = YES;
				CLANG_WARN_COMMA = YES;
				CLANG_WARN_CONSTANT_CONVERSION = YES;
				CLANG_WARN_DEPRECATED_OBJC_IMPLEMENTATIONS = YES;
				CLANG_WARN_DIRECT_OBJC_ISA_USAGE = YES_ERROR;
				CLANG_WARN_EMPTY_BODY = YES;
				CLANG_WARN_ENUM_CONVERSION = YES;
				CLANG_WARN_INFINITE_RECURSION = YES;
				CLANG_WARN_INT_CONVERSION = YES;
				CLANG_WARN_NON_LITERAL_NULL_CONVERSION = YES;
				CLANG_WARN_OBJC_IMPLICIT_RETAIN_SELF = YES;
				CLANG_WARN_OBJC_LITERAL_CONVERSION = YES;
				CLANG_WARN_OBJC_ROOT_CLASS = YES_ERROR;
				CLANG_WARN_RANGE_LOOP_ANALYSIS = YES;
				CLANG_WARN_STRICT_PROTOTYPES = YES;
				CLANG_WARN_SUSPICIOUS_MOVE = YES;
				CLANG_WARN_UNREACHABLE_CODE = YES;
				CLANG_WARN__DUPLICATE_METHOD_MATCH = YES;
				"CODE_SIGN_IDENTITY[sdk=iphoneos*]" = "iPhone Developer";
				COPY_PHASE_STRIP = NO;
				DEBUG_INFORMATION_FORMAT = "dwarf-with-dsym";
				ENABLE_NS_ASSERTIONS = NO;
				ENABLE_STRICT_OBJC_MSGSEND = YES;
				GCC_C_LANGUAGE_STANDARD = gnu99;
				GCC_NO_COMMON_BLOCKS = YES;
				GCC_WARN_64_TO_32_BIT_CONVERSION = YES;
				GCC_WARN_ABOUT_RETURN_TYPE = YES_ERROR;
				GCC_WARN_UNDECLARED_SELECTOR = YES;
				GCC_WARN_UNINITIALIZED_AUTOS = YES_AGGRESSIVE;
				GCC_WARN_UNUSED_FUNCTION = YES;
				GCC_WARN_UNUSED_VARIABLE = YES;
				IPHONEOS_DEPLOYMENT_TARGET = 8.0;
				MTL_ENABLE_DEBUG_INFO = NO;
				SDKROOT = iphoneos;
				SWIFT_COMPILATION_MODE = wholemodule;
				SWIFT_VERSION = 4.0;
				VALIDATE_PRODUCT = YES;
			};
			name = Release;
		};
		607FACF01AFB9204008FA782 /* Debug */ = {
			isa = XCBuildConfiguration;
			baseConfigurationReference = 409F5A9A18B53F0CF1CA6677 /* Pods-SmartMockLib_Example.debug.xcconfig */;
			buildSettings = {
				ASSETCATALOG_COMPILER_APPICON_NAME = AppIcon;
				INFOPLIST_FILE = SmartMockLib/Info.plist;
				IPHONEOS_DEPLOYMENT_TARGET = 9.0;
				LD_RUNPATH_SEARCH_PATHS = "$(inherited) @executable_path/Frameworks";
				MODULE_NAME = ExampleApp;
				PRODUCT_BUNDLE_IDENTIFIER = "org.cocoapods.demo.$(PRODUCT_NAME:rfc1034identifier)";
				PRODUCT_NAME = "$(TARGET_NAME)";
				SWIFT_VERSION = 5.0;
			};
			name = Debug;
		};
		607FACF11AFB9204008FA782 /* Release */ = {
			isa = XCBuildConfiguration;
			baseConfigurationReference = 6CDAFCEB55BBE27194C69F9F /* Pods-SmartMockLib_Example.release.xcconfig */;
			buildSettings = {
				ASSETCATALOG_COMPILER_APPICON_NAME = AppIcon;
				INFOPLIST_FILE = SmartMockLib/Info.plist;
				IPHONEOS_DEPLOYMENT_TARGET = 9.0;
				LD_RUNPATH_SEARCH_PATHS = "$(inherited) @executable_path/Frameworks";
				MODULE_NAME = ExampleApp;
				PRODUCT_BUNDLE_IDENTIFIER = "org.cocoapods.demo.$(PRODUCT_NAME:rfc1034identifier)";
				PRODUCT_NAME = "$(TARGET_NAME)";
				SWIFT_VERSION = 5.0;
			};
			name = Release;
		};
/* End XCBuildConfiguration section */

/* Begin XCConfigurationList section */
		04044E1D216FCC39005395CA /* Build configuration list for PBXNativeTarget "SmartMockLib_Tests" */ = {
			isa = XCConfigurationList;
			buildConfigurations = (
				04044E1E216FCC39005395CA /* Debug */,
				04044E1F216FCC39005395CA /* Release */,
			);
			defaultConfigurationIsVisible = 0;
			defaultConfigurationName = Release;
		};
		607FACCB1AFB9204008FA782 /* Build configuration list for PBXProject "SmartMockLib" */ = {
			isa = XCConfigurationList;
			buildConfigurations = (
				607FACED1AFB9204008FA782 /* Debug */,
				607FACEE1AFB9204008FA782 /* Release */,
			);
			defaultConfigurationIsVisible = 0;
			defaultConfigurationName = Release;
		};
		607FACEF1AFB9204008FA782 /* Build configuration list for PBXNativeTarget "SmartMockLib_Example" */ = {
			isa = XCConfigurationList;
			buildConfigurations = (
				607FACF01AFB9204008FA782 /* Debug */,
				607FACF11AFB9204008FA782 /* Release */,
			);
			defaultConfigurationIsVisible = 0;
			defaultConfigurationName = Release;
		};
/* End XCConfigurationList section */
	};
	rootObject = 607FACC81AFB9204008FA782 /* Project object */;
}
