PODS:
  - Alamofire (4.7.0)
  - AlamofireImage (3.3.0):
    - Alamofire (~> 4.5)
  - AlamofireObjectMapper (5.1.0):
    - Alamofire (~> 4.1)
    - ObjectMapper (~> 3.3)
  - CryptoSwift (0.9.0)
  - ObjectMapper (3.3.0)
  - SmartMockLib (1.0.0):
    - CryptoSwift (~> 0.9.0)

DEPENDENCIES:
  - Alamofire (~> 4.7.0)
  - AlamofireImage (~> 3.3.0)
  - AlamofireObjectMapper (~> 5.1.0)
  - SmartMockLib (from `../../`)

SPEC REPOS:
  https://github.com/cocoapods/specs.git:
    - Alamofire
    - AlamofireImage
    - AlamofireObjectMapper
    - CryptoSwift
    - ObjectMapper

EXTERNAL SOURCES:
  SmartMockLib:
    :path: "../../"

SPEC CHECKSUMS:
  Alamofire: 907e0a98eb68cdb7f9d1f541a563d6ac5dc77b25
  AlamofireImage: 2e784dc5d00f04903a52c1d169181469c805c3df
  AlamofireObjectMapper: 3395e698901d8b0e6f48b7d0c43bd47875325102
  CryptoSwift: bca8c5b653dcc2d9734409242a070ff53bafac86
  ObjectMapper: b612bf8c8e99c4dc0bb6013a51f7c27966ed5da9
  SmartMockLib: 4fc1e10b5c3ebbf1dc998aacc2bf78f5bb3bc86f

PODFILE CHECKSUM: 58c14f1fbef3642af52e1720f1d409d2eb92d760

COCOAPODS: 1.5.3
