PODS:
  - Alamofire (4.0.0)
  - AlamofireImage (3.0.0):
    - Alamofire (~> 4.0)
  - AlamofireObjectMapper (4.0.0):
    - Alamofire (~> 4.0)
    - ObjectMapper (~> 2.0)
  - CryptoSwift (0.6.7)
  - ObjectMapper (2.0.0)
  - SmartMockLib (0.6.0):
    - CryptoSwift (~> 0.6.7)

DEPENDENCIES:
  - Alamofire (~> 4.0)
  - AlamofireImage (~> 3.0)
  - AlamofireObjectMapper (~> 4.0)
  - SmartMockLib (from `../../`)

EXTERNAL SOURCES:
  SmartMockLib:
    :path: ../../

SPEC CHECKSUMS:
  Alamofire: fef59f00388f267e52d9b432aa5d93dc97190f14
  AlamofireImage: 6594aa1139a67dcd36cde6da79ea4e5b318e60fb
  AlamofireObjectMapper: 9faa3ce5a240efda1b209009a2d6e1e949227abc
  CryptoSwift: 685ae257941e5447474348a2b545583e1a16b573
  ObjectMapper: aed2570edabbd3c9b26c939e1cabdb6558f933e0
  SmartMockLib: fba18ae205f024d329d8b706e2a7200096ebeb97

PODFILE CHECKSUM: 81c05cac0c314eb2e7e496b30ea076e59c1a6a2e

COCOAPODS: 1.1.1
